
Microsoft Visual Studio Solution File, Format Version 12.00
# Visual Studio Version 17
VisualStudioVersion = 17.0.31903.59
MinimumVisualStudioVersion = 10.0.40219.1
Project("{FAE04EC0-301F-11D3-BF4B-00C04F79EFBC}") = "GraphQLEntityFrameworkAPIGeneratorOld", "GraphQLEntityFrameworkAPIGeneratorOld\GraphQLEntityFrameworkAPIGeneratorOld.csproj", "{C3EC1655-7FAF-F606-3ABD-A4FC7F3587FB}"
EndProject
Project("{F2A71F9B-5D33-465A-A702-920D77279786}") = "GraphQLEntityFrameworkAPIGenerator", "GraphQLEntityFrameworkAPIGenerator\GraphQLEntityFrameworkAPIGenerator.fsproj", "{32DCC180-1496-4298-8D90-8ACAB52F4B38}"
EndProject
Global
	GlobalSection(SolutionConfigurationPlatforms) = preSolution
		Debug|Any CPU = Debug|Any CPU
		Release|Any CPU = Release|Any CPU
	EndGlobalSection
	GlobalSection(ProjectConfigurationPlatforms) = postSolution
		{C3EC1655-7FAF-F606-3ABD-A4FC7F3587FB}.Debug|Any CPU.ActiveCfg = Debug|Any CPU
		{C3EC1655-7FAF-F606-3ABD-A4FC7F3587FB}.Debug|Any CPU.Build.0 = Debug|Any CPU
		{C3EC1655-7FAF-F606-3ABD-A4FC7F3587FB}.Release|Any CPU.ActiveCfg = Release|Any CPU
		{C3EC1655-7FAF-F606-3ABD-A4FC7F3587FB}.Release|Any CPU.Build.0 = Release|Any CPU
		{32DCC180-1496-4298-8D90-8ACAB52F4B38}.Debug|Any CPU.ActiveCfg = Debug|Any CPU
		{32DCC180-1496-4298-8D90-8ACAB52F4B38}.Debug|Any CPU.Build.0 = Debug|Any CPU
		{32DCC180-1496-4298-8D90-8ACAB52F4B38}.Release|Any CPU.ActiveCfg = Release|Any CPU
		{32DCC180-1496-4298-8D90-8ACAB52F4B38}.Release|Any CPU.Build.0 = Release|Any CPU
	EndGlobalSection
	GlobalSection(SolutionProperties) = preSolution
		HideSolutionNode = FALSE
	EndGlobalSection
EndGlobal
